
Microsoft Visual Studio Solution File, Format Version 12.00
# Visual Studio Version 17
VisualStudioVersion = 17.4.33110.190
MinimumVisualStudioVersion = 10.0.40219.1
Project("{FAE04EC0-301F-11D3-BF4B-00C04F79EFBC}") = "Rectangles over Images", "Rectangles over Images\Rectangles over Images.csproj", "{8CA543D5-4223-45B1-BDD0-911180BCF0AA}"
EndProject
Global
	GlobalSection(SolutionConfigurationPlatforms) = preSolution
		Debug|Any CPU = Debug|Any CPU
		Release|Any CPU = Release|Any CPU
	EndGlobalSection
	GlobalSection(ProjectConfigurationPlatforms) = postSolution
		{8CA543D5-4223-45B1-BDD0-911180BCF0AA}.Debug|Any CPU.ActiveCfg = Debug|Any CPU
		{8CA543D5-4223-45B1-BDD0-911180BCF0AA}.Debug|Any CPU.Build.0 = Debug|Any CPU
		{8CA543D5-4223-45B1-BDD0-911180BCF0AA}.Release|Any CPU.ActiveCfg = Release|Any CPU
		{8CA543D5-4223-45B1-BDD0-911180BCF0AA}.Release|Any CPU.Build.0 = Release|Any CPU
	EndGlobalSection
	GlobalSection(SolutionProperties) = preSolution
		HideSolutionNode = FALSE
	EndGlobalSection
	GlobalSection(ExtensibilityGlobals) = postSolution
		SolutionGuid = {D4DBFF85-0CA3-46C1-BB8E-F17EF58387D5}
	EndGlobalSection
EndGlobal
